
Microsoft Visual Studio Solution File, Format Version 12.00
# Visual Studio Version 16
VisualStudioVersion = 16.0.32602.291
MinimumVisualStudioVersion = 10.0.40219.1
Project("{FAE04EC0-301F-11D3-BF4B-00C04F79EFBC}") = "search_nip_change_time-recruitment_task", "search_nip_change_time-recruitment_task.csproj", "{AC3F4223-8DF5-4ADE-A287-031132F20AD3}"
EndProject
Global
	GlobalSection(SolutionConfigurationPlatforms) = preSolution
		Debug|Any CPU = Debug|Any CPU
		Release|Any CPU = Release|Any CPU
	EndGlobalSection
	GlobalSection(ProjectConfigurationPlatforms) = postSolution
		{AC3F4223-8DF5-4ADE-A287-031132F20AD3}.Debug|Any CPU.ActiveCfg = Debug|Any CPU
		{AC3F4223-8DF5-4ADE-A287-031132F20AD3}.Debug|Any CPU.Build.0 = Debug|Any CPU
		{AC3F4223-8DF5-4ADE-A287-031132F20AD3}.Release|Any CPU.ActiveCfg = Release|Any CPU
		{AC3F4223-8DF5-4ADE-A287-031132F20AD3}.Release|Any CPU.Build.0 = Release|Any CPU
	EndGlobalSection
	GlobalSection(SolutionProperties) = preSolution
		HideSolutionNode = FALSE
	EndGlobalSection
	GlobalSection(ExtensibilityGlobals) = postSolution
		SolutionGuid = {E4CA90CA-1167-4EA7-980C-88475D5A6C76}
	EndGlobalSection
EndGlobal
